// !$*UTF8*$!
{
	archiveVersion = 1;
	classes = {
	};
	objectVersion = 56;
	objects = {

/* Begin PBXBuildFile section */
		DFFCB2BB2B0B611600C72FDE /* AppDelegate.swift in Sources */ = {isa = PBXBuildFile; fileRef = DFFCB2BA2B0B611600C72FDE /* AppDelegate.swift */; };
		DFFCB2BD2B0B611600C72FDE /* SceneDelegate.swift in Sources */ = {isa = PBXBuildFile; fileRef = DFFCB2BC2B0B611600C72FDE /* SceneDelegate.swift */; };
		DFFCB2BF2B0B611600C72FDE /* ViewController.swift in Sources */ = {isa = PBXBuildFile; fileRef = DFFCB2BE2B0B611600C72FDE /* ViewController.swift */; };
		DFFCB2C22B0B611600C72FDE /* Main.storyboard in Resources */ = {isa = PBXBuildFile; fileRef = DFFCB2C02B0B611600C72FDE /* Main.storyboard */; };
		DFFCB2C42B0B611700C72FDE /* Assets.xcassets in Resources */ = {isa = PBXBuildFile; fileRef = DFFCB2C32B0B611700C72FDE /* Assets.xcassets */; };
		DFFCB2C72B0B611700C72FDE /* LaunchScreen.storyboard in Resources */ = {isa = PBXBuildFile; fileRef = DFFCB2C52B0B611700C72FDE /* LaunchScreen.storyboard */; };
		DFFCB2F52B0BA06500C72FDE /* SBColorPicker.framework in Frameworks */ = {isa = PBXBuildFile; fileRef = DFFCB2D62B0B639E00C72FDE /* SBColorPicker.framework */; };
		DFFCB2F62B0BA06500C72FDE /* SBColorPicker.framework in Embed Frameworks */ = {isa = PBXBuildFile; fileRef = DFFCB2D62B0B639E00C72FDE /* SBColorPicker.framework */; settings = {ATTRIBUTES = (CodeSignOnCopy, RemoveHeadersOnCopy, ); }; };
/* End PBXBuildFile section */

/* Begin PBXContainerItemProxy section */
		DFFCB2D52B0B639E00C72FDE /* PBXContainerItemProxy */ = {
			isa = PBXContainerItemProxy;
			containerPortal = DFFCB2D02B0B639E00C72FDE /* SBColorPicker.xcodeproj */;
			proxyType = 2;
			remoteGlobalIDString = DFFCB2942B0B60A100C72FDE;
			remoteInfo = SBColorPicker;
		};
		DFFCB2D72B0B639E00C72FDE /* PBXContainerItemProxy */ = {
			isa = PBXContainerItemProxy;
			containerPortal = DFFCB2D02B0B639E00C72FDE /* SBColorPicker.xcodeproj */;
			proxyType = 2;
			remoteGlobalIDString = DFFCB29E2B0B60A100C72FDE;
			remoteInfo = SBColorPickerTests;
		};
/* End PBXContainerItemProxy section */

/* Begin PBXCopyFilesBuildPhase section */
		DFFCB2F72B0BA06500C72FDE /* Embed Frameworks */ = {
			isa = PBXCopyFilesBuildPhase;
			buildActionMask = 2147483647;
			dstPath = "";
			dstSubfolderSpec = 10;
			files = (
				DFFCB2F62B0BA06500C72FDE /* SBColorPicker.framework in Embed Frameworks */,
			);
			name = "Embed Frameworks";
			runOnlyForDeploymentPostprocessing = 0;
		};
/* End PBXCopyFilesBuildPhase section */

/* Begin PBXFileReference section */
		DFFCB2B72B0B611600C72FDE /* ColorPickerExample.app */ = {isa = PBXFileReference; explicitFileType = wrapper.application; includeInIndex = 0; path = ColorPickerExample.app; sourceTree = BUILT_PRODUCTS_DIR; };
		DFFCB2BA2B0B611600C72FDE /* AppDelegate.swift */ = {isa = PBXFileReference; lastKnownFileType = sourcecode.swift; path = AppDelegate.swift; sourceTree = "<group>"; };
		DFFCB2BC2B0B611600C72FDE /* SceneDelegate.swift */ = {isa = PBXFileReference; lastKnownFileType = sourcecode.swift; path = SceneDelegate.swift; sourceTree = "<group>"; };
		DFFCB2BE2B0B611600C72FDE /* ViewController.swift */ = {isa = PBXFileReference; lastKnownFileType = sourcecode.swift; path = ViewController.swift; sourceTree = "<group>"; };
		DFFCB2C12B0B611600C72FDE /* Base */ = {isa = PBXFileReference; lastKnownFileType = file.storyboard; name = Base; path = Base.lproj/Main.storyboard; sourceTree = "<group>"; };
		DFFCB2C32B0B611700C72FDE /* Assets.xcassets */ = {isa = PBXFileReference; lastKnownFileType = folder.assetcatalog; path = Assets.xcassets; sourceTree = "<group>"; };
		DFFCB2C62B0B611700C72FDE /* Base */ = {isa = PBXFileReference; lastKnownFileType = file.storyboard; name = Base; path = Base.lproj/LaunchScreen.storyboard; sourceTree = "<group>"; };
		DFFCB2C82B0B611700C72FDE /* Info.plist */ = {isa = PBXFileReference; lastKnownFileType = text.plist.xml; path = Info.plist; sourceTree = "<group>"; };
		DFFCB2D02B0B639E00C72FDE /* SBColorPicker.xcodeproj */ = {isa = PBXFileReference; lastKnownFileType = "wrapper.pb-project"; name = SBColorPicker.xcodeproj; path = ../SBColorPicker.xcodeproj; sourceTree = "<group>"; };
/* End PBXFileReference section */

/* Begin PBXFrameworksBuildPhase section */
		DFFCB2B42B0B611600C72FDE /* Frameworks */ = {
			isa = PBXFrameworksBuildPhase;
			buildActionMask = 2147483647;
			files = (
				DFFCB2F52B0BA06500C72FDE /* SBColorPicker.framework in Frameworks */,
			);
			runOnlyForDeploymentPostprocessing = 0;
		};
/* End PBXFrameworksBuildPhase section */

/* Begin PBXGroup section */
		DFFCB2AE2B0B611600C72FDE = {
			isa = PBXGroup;
			children = (
				DFFCB2D02B0B639E00C72FDE /* SBColorPicker.xcodeproj */,
				DFFCB2B92B0B611600C72FDE /* ColorPickerExample */,
				DFFCB2B82B0B611600C72FDE /* Products */,
				DFFCB2F22B0BA06500C72FDE /* Frameworks */,
			);
			sourceTree = "<group>";
		};
		DFFCB2B82B0B611600C72FDE /* Products */ = {
			isa = PBXGroup;
			children = (
				DFFCB2B72B0B611600C72FDE /* ColorPickerExample.app */,
			);
			name = Products;
			sourceTree = "<group>";
		};
		DFFCB2B92B0B611600C72FDE /* ColorPickerExample */ = {
			isa = PBXGroup;
			children = (
				DFFCB2BA2B0B611600C72FDE /* AppDelegate.swift */,
				DFFCB2BC2B0B611600C72FDE /* SceneDelegate.swift */,
				DFFCB2BE2B0B611600C72FDE /* ViewController.swift */,
				DFFCB2C02B0B611600C72FDE /* Main.storyboard */,
				DFFCB2C32B0B611700C72FDE /* Assets.xcassets */,
				DFFCB2C52B0B611700C72FDE /* LaunchScreen.storyboard */,
				DFFCB2C82B0B611700C72FDE /* Info.plist */,
			);
			path = ColorPickerExample;
			sourceTree = "<group>";
		};
		DFFCB2D12B0B639E00C72FDE /* Products */ = {
			isa = PBXGroup;
			children = (
				DFFCB2D62B0B639E00C72FDE /* SBColorPicker.framework */,
				DFFCB2D82B0B639E00C72FDE /* SBColorPickerTests.xctest */,
			);
			name = Products;
			sourceTree = "<group>";
		};
		DFFCB2F22B0BA06500C72FDE /* Frameworks */ = {
			isa = PBXGroup;
			children = (
			);
			name = Frameworks;
			sourceTree = "<group>";
		};
/* End PBXGroup section */

/* Begin PBXNativeTarget section */
		DFFCB2B62B0B611600C72FDE /* ColorPickerExample */ = {
			isa = PBXNativeTarget;
			buildConfigurationList = DFFCB2CB2B0B611700C72FDE /* Build configuration list for PBXNativeTarget "ColorPickerExample" */;
			buildPhases = (
				DFFCB2B32B0B611600C72FDE /* Sources */,
				DFFCB2B42B0B611600C72FDE /* Frameworks */,
				DFFCB2B52B0B611600C72FDE /* Resources */,
				DFFCB2F72B0BA06500C72FDE /* Embed Frameworks */,
			);
			buildRules = (
			);
			dependencies = (
			);
			name = ColorPickerExample;
			productName = ColorPickerExample;
			productReference = DFFCB2B72B0B611600C72FDE /* ColorPickerExample.app */;
			productType = "com.apple.product-type.application";
		};
/* End PBXNativeTarget section */

/* Begin PBXProject section */
		DFFCB2AF2B0B611600C72FDE /* Project object */ = {
			isa = PBXProject;
			attributes = {
				BuildIndependentTargetsInParallel = 1;
				LastSwiftUpdateCheck = 1500;
				LastUpgradeCheck = 1500;
				ORGANIZATIONNAME = smbhuin;
				TargetAttributes = {
					DFFCB2B62B0B611600C72FDE = {
						CreatedOnToolsVersion = 15.0.1;
					};
				};
			};
			buildConfigurationList = DFFCB2B22B0B611600C72FDE /* Build configuration list for PBXProject "ColorPickerExample" */;
			compatibilityVersion = "Xcode 14.0";
			developmentRegion = en;
			hasScannedForEncodings = 0;
			knownRegions = (
				en,
				Base,
			);
			mainGroup = DFFCB2AE2B0B611600C72FDE;
			productRefGroup = DFFCB2B82B0B611600C72FDE /* Products */;
			projectDirPath = "";
			projectReferences = (
				{
					ProductGroup = DFFCB2D12B0B639E00C72FDE /* Products */;
					ProjectRef = DFFCB2D02B0B639E00C72FDE /* SBColorPicker.xcodeproj */;
				},
			);
			projectRoot = "";
			targets = (
				DFFCB2B62B0B611600C72FDE /* ColorPickerExample */,
			);
		};
/* End PBXProject section */

/* Begin PBXReferenceProxy section */
		DFFCB2D62B0B639E00C72FDE /* SBColorPicker.framework */ = {
			isa = PBXReferenceProxy;
			fileType = wrapper.framework;
			path = SBColorPicker.framework;
			remoteRef = DFFCB2D52B0B639E00C72FDE /* PBXContainerItemProxy */;
			sourceTree = BUILT_PRODUCTS_DIR;
		};
		DFFCB2D82B0B639E00C72FDE /* SBColorPickerTests.xctest */ = {
			isa = PBXReferenceProxy;
			fileType = wrapper.cfbundle;
			path = SBColorPickerTests.xctest;
			remoteRef = DFFCB2D72B0B639E00C72FDE /* PBXContainerItemProxy */;
			sourceTree = BUILT_PRODUCTS_DIR;
		};
/* End PBXReferenceProxy section */

/* Begin PBXResourcesBuildPhase section */
		DFFCB2B52B0B611600C72FDE /* Resources */ = {
			isa = PBXResourcesBuildPhase;
			buildActionMask = 2147483647;
			files = (
				DFFCB2C72B0B611700C72FDE /* LaunchScreen.storyboard in Resources */,
				DFFCB2C42B0B611700C72FDE /* Assets.xcassets in Resources */,
				DFFCB2C22B0B611600C72FDE /* Main.storyboard in Resources */,
			);
			runOnlyForDeploymentPostprocessing = 0;
		};
/* End PBXResourcesBuildPhase section */

/* Begin PBXSourcesBuildPhase section */
		DFFCB2B32B0B611600C72FDE /* Sources */ = {
			isa = PBXSourcesBuildPhase;
			buildActionMask = 2147483647;
			files = (
				DFFCB2BF2B0B611600C72FDE /* ViewController.swift in Sources */,
				DFFCB2BB2B0B611600C72FDE /* AppDelegate.swift in Sources */,
				DFFCB2BD2B0B611600C72FDE /* SceneDelegate.swift in Sources */,
			);
			runOnlyForDeploymentPostprocessing = 0;
		};
/* End PBXSourcesBuildPhase section */

/* Begin PBXVariantGroup section */
		DFFCB2C02B0B611600C72FDE /* Main.storyboard */ = {
			isa = PBXVariantGroup;
			children = (
				DFFCB2C12B0B611600C72FDE /* Base */,
			);
			name = Main.storyboard;
			sourceTree = "<group>";
		};
		DFFCB2C52B0B611700C72FDE /* LaunchScreen.storyboard */ = {
			isa = PBXVariantGroup;
			children = (
				DFFCB2C62B0B611700C72FDE /* Base */,
			);
			name = LaunchScreen.storyboard;
			sourceTree = "<group>";
		};
/* End PBXVariantGroup section */

/* Begin XCBuildConfiguration section */
		DFFCB2C92B0B611700C72FDE /* Debug */ = {
			isa = XCBuildConfiguration;
			buildSettings = {
				ALWAYS_SEARCH_USER_PATHS = NO;
				ASSETCATALOG_COMPILER_GENERATE_SWIFT_ASSET_SYMBOL_EXTENSIONS = YES;
				CLANG_ANALYZER_NONNULL = YES;
				CLANG_ANALYZER_NUMBER_OBJECT_CONVERSION = YES_AGGRESSIVE;
				CLANG_CXX_LANGUAGE_STANDARD = "gnu++20";
				CLANG_ENABLE_MODULES = YES;
				CLANG_ENABLE_OBJC_ARC = YES;
				CLANG_ENABLE_OBJC_WEAK = YES;
				CLANG_WARN_BLOCK_CAPTURE_AUTORELEASING = YES;
				CLANG_WARN_BOOL_CONVERSION = YES;
				CLANG_WARN_COMMA = YES;
				CLANG_WARN_CONSTANT_CONVERSION = YES;
				CLANG_WARN_DEPRECATED_OBJC_IMPLEMENTATIONS = YES;
				CLANG_WARN_DIRECT_OBJC_ISA_USAGE = YES_ERROR;
				CLANG_WARN_DOCUMENTATION_COMMENTS = YES;
				CLANG_WARN_EMPTY_BODY = YES;
				CLANG_WARN_ENUM_CONVERSION = YES;
				CLANG_WARN_INFINITE_RECURSION = YES;
				CLANG_WARN_INT_CONVERSION = YES;
				CLANG_WARN_NON_LITERAL_NULL_CONVERSION = YES;
				CLANG_WARN_OBJC_IMPLICIT_RETAIN_SELF = YES;
				CLANG_WARN_OBJC_LITERAL_CONVERSION = YES;
				CLANG_WARN_OBJC_ROOT_CLASS = YES_ERROR;
				CLANG_WARN_QUOTED_INCLUDE_IN_FRAMEWORK_HEADER = YES;
				CLANG_WARN_RANGE_LOOP_ANALYSIS = YES;
				CLANG_WARN_STRICT_PROTOTYPES = YES;
				CLANG_WARN_SUSPICIOUS_MOVE = YES;
				CLANG_WARN_UNGUARDED_AVAILABILITY = YES_AGGRESSIVE;
				CLANG_WARN_UNREACHABLE_CODE = YES;
				CLANG_WARN__DUPLICATE_METHOD_MATCH = YES;
				COPY_PHASE_STRIP = NO;
				DEBUG_INFORMATION_FORMAT = dwarf;
				ENABLE_STRICT_OBJC_MSGSEND = YES;
				ENABLE_TESTABILITY = YES;
				ENABLE_USER_SCRIPT_SANDBOXING = YES;
				GCC_C_LANGUAGE_STANDARD = gnu17;
				GCC_DYNAMIC_NO_PIC = NO;
				GCC_NO_COMMON_BLOCKS = YES;
				GCC_OPTIMIZATION_LEVEL = 0;
				GCC_PREPROCESSOR_DEFINITIONS = (
					"DEBUG=1",
					"$(inherited)",
				);
				GCC_WARN_64_TO_32_BIT_CONVERSION = YES;
				GCC_WARN_ABOUT_RETURN_TYPE = YES_ERROR;
				GCC_WARN_UNDECLARED_SELECTOR = YES;
				GCC_WARN_UNINITIALIZED_AUTOS = YES_AGGRESSIVE;
				GCC_WARN_UNUSED_FUNCTION = YES;
				GCC_WARN_UNUSED_VARIABLE = YES;
				IPHONEOS_DEPLOYMENT_TARGET = 14.0;
				LOCALIZATION_PREFERS_STRING_CATALOGS = YES;
				MTL_ENABLE_DEBUG_INFO = INCLUDE_SOURCE;
				MTL_FAST_MATH = YES;
				ONLY_ACTIVE_ARCH = YES;
				SDKROOT = iphoneos;
				SWIFT_ACTIVE_COMPILATION_CONDITIONS = "DEBUG $(inherited)";
				SWIFT_OPTIMIZATION_LEVEL = "-Onone";
			};
			name = Debug;
		};
		DFFCB2CA2B0B611700C72FDE /* Release */ = {
			isa = XCBuildConfiguration;
			buildSettings = {
				ALWAYS_SEARCH_USER_PATHS = NO;
				ASSETCATALOG_COMPILER_GENERATE_SWIFT_ASSET_SYMBOL_EXTENSIONS = YES;
				CLANG_ANALYZER_NONNULL = YES;
				CLANG_ANALYZER_NUMBER_OBJECT_CONVERSION = YES_AGGRESSIVE;
				CLANG_CXX_LANGUAGE_STANDARD = "gnu++20";
				CLANG_ENABLE_MODULES = YES;
				CLANG_ENABLE_OBJC_ARC = YES;
				CLANG_ENABLE_OBJC_WEAK = YES;
				CLANG_WARN_BLOCK_CAPTURE_AUTORELEASING = YES;
				CLANG_WARN_BOOL_CONVERSION = YES;
				CLANG_WARN_COMMA = YES;
				CLANG_WARN_CONSTANT_CONVERSION = YES;
				CLANG_WARN_DEPRECATED_OBJC_IMPLEMENTATIONS = YES;
				CLANG_WARN_DIRECT_OBJC_ISA_USAGE = YES_ERROR;
				CLANG_WARN_DOCUMENTATION_COMMENTS = YES;
				CLANG_WARN_EMPTY_BODY = YES;
				CLANG_WARN_ENUM_CONVERSION = YES;
				CLANG_WARN_INFINITE_RECURSION = YES;
				CLANG_WARN_INT_CONVERSION = YES;
				CLANG_WARN_NON_LITERAL_NULL_CONVERSION = YES;
				CLANG_WARN_OBJC_IMPLICIT_RETAIN_SELF = YES;
				CLANG_WARN_OBJC_LITERAL_CONVERSION = YES;
				CLANG_WARN_OBJC_ROOT_CLASS = YES_ERROR;
				CLANG_WARN_QUOTED_INCLUDE_IN_FRAMEWORK_HEADER = YES;
				CLANG_WARN_RANGE_LOOP_ANALYSIS = YES;
				CLANG_WARN_STRICT_PROTOTYPES = YES;
				CLANG_WARN_SUSPICIOUS_MOVE = YES;
				CLANG_WARN_UNGUARDED_AVAILABILITY = YES_AGGRESSIVE;
				CLANG_WARN_UNREACHABLE_CODE = YES;
				CLANG_WARN__DUPLICATE_METHOD_MATCH = YES;
				COPY_PHASE_STRIP = NO;
				DEBUG_INFORMATION_FORMAT = "dwarf-with-dsym";
				ENABLE_NS_ASSERTIONS = NO;
				ENABLE_STRICT_OBJC_MSGSEND = YES;
				ENABLE_USER_SCRIPT_SANDBOXING = YES;
				GCC_C_LANGUAGE_STANDARD = gnu17;
				GCC_NO_COMMON_BLOCKS = YES;
				GCC_WARN_64_TO_32_BIT_CONVERSION = YES;
				GCC_WARN_ABOUT_RETURN_TYPE = YES_ERROR;
				GCC_WARN_UNDECLARED_SELECTOR = YES;
				GCC_WARN_UNINITIALIZED_AUTOS = YES_AGGRESSIVE;
				GCC_WARN_UNUSED_FUNCTION = YES;
				GCC_WARN_UNUSED_VARIABLE = YES;
				IPHONEOS_DEPLOYMENT_TARGET = 14.0;
				LOCALIZATION_PREFERS_STRING_CATALOGS = YES;
				MTL_ENABLE_DEBUG_INFO = NO;
				MTL_FAST_MATH = YES;
				SDKROOT = iphoneos;
				SWIFT_COMPILATION_MODE = wholemodule;
				VALIDATE_PRODUCT = YES;
			};
			name = Release;
		};
		DFFCB2CC2B0B611700C72FDE /* Debug */ = {
			isa = XCBuildConfiguration;
			buildSettings = {
				ASSETCATALOG_COMPILER_APPICON_NAME = AppIcon;
				ASSETCATALOG_COMPILER_GLOBAL_ACCENT_COLOR_NAME = AccentColor;
				CODE_SIGN_STYLE = Automatic;
				CURRENT_PROJECT_VERSION = 1;
				GENERATE_INFOPLIST_FILE = YES;
				INFOPLIST_FILE = ColorPickerExample/Info.plist;
				INFOPLIST_KEY_UIApplicationSupportsIndirectInputEvents = YES;
				INFOPLIST_KEY_UILaunchStoryboardName = LaunchScreen;
				INFOPLIST_KEY_UIMainStoryboardFile = Main;
				INFOPLIST_KEY_UISupportedInterfaceOrientations_iPad = "UIInterfaceOrientationPortrait UIInterfaceOrientationPortraitUpsideDown UIInterfaceOrientationLandscapeLeft UIInterfaceOrientationLandscapeRight";
				INFOPLIST_KEY_UISupportedInterfaceOrientations_iPhone = "UIInterfaceOrientationPortrait UIInterfaceOrientationLandscapeLeft UIInterfaceOrientationLandscapeRight";
				LD_RUNPATH_SEARCH_PATHS = (
					"$(inherited)",
					"@executable_path/Frameworks",
				);
				MARKETING_VERSION = 1.0.0;
				PRODUCT_BUNDLE_IDENTIFIER = com.smbhuin.ColorPickerExample;
				PRODUCT_NAME = "$(TARGET_NAME)";
				SWIFT_EMIT_LOC_STRINGS = YES;
				SWIFT_VERSION = 5.0;
				TARGETED_DEVICE_FAMILY = "1,2";
			};
			name = Debug;
		};
		DFFCB2CD2B0B611700C72FDE /* Release */ = {
			isa = XCBuildConfiguration;
			buildSettings = {
				ASSETCATALOG_COMPILER_APPICON_NAME = AppIcon;
				ASSETCATALOG_COMPILER_GLOBAL_ACCENT_COLOR_NAME = AccentColor;
				CODE_SIGN_STYLE = Automatic;
				CURRENT_PROJECT_VERSION = 1;
				GENERATE_INFOPLIST_FILE = YES;
				INFOPLIST_FILE = ColorPickerExample/Info.plist;
				INFOPLIST_KEY_UIApplicationSupportsIndirectInputEvents = YES;
				INFOPLIST_KEY_UILaunchStoryboardName = LaunchScreen;
				INFOPLIST_KEY_UIMainStoryboardFile = Main;
				INFOPLIST_KEY_UISupportedInterfaceOrientations_iPad = "UIInterfaceOrientationPortrait UIInterfaceOrientationPortraitUpsideDown UIInterfaceOrientationLandscapeLeft UIInterfaceOrientationLandscapeRight";
				INFOPLIST_KEY_UISupportedInterfaceOrientations_iPhone = "UIInterfaceOrientationPortrait UIInterfaceOrientationLandscapeLeft UIInterfaceOrientationLandscapeRight";
				LD_RUNPATH_SEARCH_PATHS = (
					"$(inherited)",
					"@executable_path/Frameworks",
				);
				MARKETING_VERSION = 1.0.0;
				PRODUCT_BUNDLE_IDENTIFIER = com.smbhuin.ColorPickerExample;
				PRODUCT_NAME = "$(TARGET_NAME)";
				SWIFT_EMIT_LOC_STRINGS = YES;
				SWIFT_VERSION = 5.0;
				TARGETED_DEVICE_FAMILY = "1,2";
			};
			name = Release;
		};
/* End XCBuildConfiguration section */

/* Begin XCConfigurationList section */
		DFFCB2B22B0B611600C72FDE /* Build configuration list for PBXProject "ColorPickerExample" */ = {
			isa = XCConfigurationList;
			buildConfigurations = (
				DFFCB2C92B0B611700C72FDE /* Debug */,
				DFFCB2CA2B0B611700C72FDE /* Release */,
			);
			defaultConfigurationIsVisible = 0;
			defaultConfigurationName = Release;
		};
		DFFCB2CB2B0B611700C72FDE /* Build configuration list for PBXNativeTarget "ColorPickerExample" */ = {
			isa = XCConfigurationList;
			buildConfigurations = (
				DFFCB2CC2B0B611700C72FDE /* Debug */,
				DFFCB2CD2B0B611700C72FDE /* Release */,
			);
			defaultConfigurationIsVisible = 0;
			defaultConfigurationName = Release;
		};
/* End XCConfigurationList section */
	};
	rootObject = DFFCB2AF2B0B611600C72FDE /* Project object */;
}
